{
  "name": "api_sistemas_distribuidos",
  "version": "1.0.0",
  "lockfileVersion": 2,
  "requires": true,
  "packages": {
    "": {
      "name": "api_sistemas_distribuidos",
      "version": "1.0.0",
      "license": "ISC",
      "dependencies": {
        "@prisma/client": "^4.2.1",
        "@types/node": "^18.7.20"
      },
      "devDependencies": {
        "prisma": "^4.3.1"
      }
    },
    "node_modules/@prisma/client": {
      "version": "4.2.1",
      "resolved": "https://registry.npmjs.org/@prisma/client/-/client-4.2.1.tgz",
      "integrity": "sha512-PZBkY60+k5oix+e6IUfl3ub8TbRLNsPLdfWrdy2eh80WcHTaT+/UfvXf/B7gXedH7FRtbPFHZXk1hZenJiJZFQ==",
      "hasInstallScript": true,
      "dependencies": {
        "@prisma/engines-version": "4.2.0-33.2920a97877e12e055c1333079b8d19cee7f33826"
      },
      "engines": {
        "node": ">=14.17"
      },
      "peerDependencies": {
        "prisma": "*"
      },
      "peerDependenciesMeta": {
        "prisma": {
          "optional": true
        }
      }
    },
    "node_modules/@prisma/engines": {
      "version": "4.3.1",
      "resolved": "https://registry.npmjs.org/@prisma/engines/-/engines-4.3.1.tgz",
      "integrity": "sha512-4JF/uMaEDAPdcdZNOrnzE3BvrbGpjgV0FcPT3EVoi6I86fWkloqqxBt+KcK/+fIRR0Pxj66uGR9wVH8U1Y13JA==",
      "devOptional": true,
      "hasInstallScript": true
    },
    "node_modules/@prisma/engines-version": {
      "version": "4.2.0-33.2920a97877e12e055c1333079b8d19cee7f33826",
      "resolved": "https://registry.npmjs.org/@prisma/engines-version/-/engines-version-4.2.0-33.2920a97877e12e055c1333079b8d19cee7f33826.tgz",
      "integrity": "sha512-tktkqdiwqE4QhmE088boPt+FwPj1Jub/zk+5F6sEfcRHzO5yz9jyMD5HFVtiwxZPLx/8Xg9ElnuTi8E5lWVQFQ=="
    },
    "node_modules/@types/node": {
      "version": "18.7.20",
      "resolved": "https://registry.npmjs.org/@types/node/-/node-18.7.20.tgz",
      "integrity": "sha512-adzY4vLLr5Uivmx8+zfSJ5fbdgKxX8UMtjtl+17n0B1q1Nz8JEmE151vefMdpD+1gyh+77weN4qEhej/O7budQ=="
    },
    "node_modules/prisma": {
      "version": "4.3.1",
      "resolved": "https://registry.npmjs.org/prisma/-/prisma-4.3.1.tgz",
      "integrity": "sha512-90xo06wtqil76Xsi3mNpc4Js3SdDRR5g4qb9h+4VWY4Y8iImJY6xc3PX+C9xxTSt1lr0Q89A0MLkJjd8ax6KiQ==",
      "devOptional": true,
      "hasInstallScript": true,
      "dependencies": {
        "@prisma/engines": "4.3.1"
      },
      "bin": {
        "prisma": "build/index.js",
        "prisma2": "build/index.js"
      },
      "engines": {
        "node": ">=14.17"
      }
    }
  },
  "dependencies": {
    "@prisma/client": {
      "version": "4.2.1",
      "resolved": "https://registry.npmjs.org/@prisma/client/-/client-4.2.1.tgz",
      "integrity": "sha512-PZBkY60+k5oix+e6IUfl3ub8TbRLNsPLdfWrdy2eh80WcHTaT+/UfvXf/B7gXedH7FRtbPFHZXk1hZenJiJZFQ==",
      "requires": {
        "@prisma/engines-version": "4.2.0-33.2920a97877e12e055c1333079b8d19cee7f33826"
      }
    },
    "@prisma/engines": {
      "version": "4.3.1",
      "resolved": "https://registry.npmjs.org/@prisma/engines/-/engines-4.3.1.tgz",
      "integrity": "sha512-4JF/uMaEDAPdcdZNOrnzE3BvrbGpjgV0FcPT3EVoi6I86fWkloqqxBt+KcK/+fIRR0Pxj66uGR9wVH8U1Y13JA==",
      "devOptional": true
    },
    "@prisma/engines-version": {
      "version": "4.2.0-33.2920a97877e12e055c1333079b8d19cee7f33826",
      "resolved": "https://registry.npmjs.org/@prisma/engines-version/-/engines-version-4.2.0-33.2920a97877e12e055c1333079b8d19cee7f33826.tgz",
      "integrity": "sha512-tktkqdiwqE4QhmE088boPt+FwPj1Jub/zk+5F6sEfcRHzO5yz9jyMD5HFVtiwxZPLx/8Xg9ElnuTi8E5lWVQFQ=="
    },
    "@types/node": {
      "version": "18.7.20",
      "resolved": "https://registry.npmjs.org/@types/node/-/node-18.7.20.tgz",
      "integrity": "sha512-adzY4vLLr5Uivmx8+zfSJ5fbdgKxX8UMtjtl+17n0B1q1Nz8JEmE151vefMdpD+1gyh+77weN4qEhej/O7budQ=="
    },
    "prisma": {
      "version": "4.3.1",
      "resolved": "https://registry.npmjs.org/prisma/-/prisma-4.3.1.tgz",
      "integrity": "sha512-90xo06wtqil76Xsi3mNpc4Js3SdDRR5g4qb9h+4VWY4Y8iImJY6xc3PX+C9xxTSt1lr0Q89A0MLkJjd8ax6KiQ==",
      "devOptional": true,
      "requires": {
        "@prisma/engines": "4.3.1"
      }
    }
  }
}
